// !$*UTF8*$!
{
	archiveVersion = 1;
	classes = {
	};
	objectVersion = 55;
	objects = {

/* Begin PBXBuildFile section */
		379747DC8B299E285B176278 /* Pods_MoviesApp.framework in Frameworks */ = {isa = PBXBuildFile; fileRef = 3AF32685BD2545EBCF934D63 /* Pods_MoviesApp.framework */; };
		C02D26C22745E790008C7BED /* UIColor+Extension.swift in Sources */ = {isa = PBXBuildFile; fileRef = C02D26C12745E790008C7BED /* UIColor+Extension.swift */; };
		C02D26C52745F12A008C7BED /* MoviesModel.swift in Sources */ = {isa = PBXBuildFile; fileRef = C02D26C42745F12A008C7BED /* MoviesModel.swift */; };
		C02D26C82745F1B4008C7BED /* ViewCode.swift in Sources */ = {isa = PBXBuildFile; fileRef = C02D26C72745F1B4008C7BED /* ViewCode.swift */; };
		C02D26CB2745F22C008C7BED /* DetailCell.swift in Sources */ = {isa = PBXBuildFile; fileRef = C02D26CA2745F22C008C7BED /* DetailCell.swift */; };
		C02D26CD2745F620008C7BED /* UIImage+Extension.swift in Sources */ = {isa = PBXBuildFile; fileRef = C02D26CC2745F620008C7BED /* UIImage+Extension.swift */; };
		C0FCE5B02745E075006548D2 /* AppDelegate.swift in Sources */ = {isa = PBXBuildFile; fileRef = C0FCE5AF2745E075006548D2 /* AppDelegate.swift */; };
		C0FCE5B22745E075006548D2 /* SceneDelegate.swift in Sources */ = {isa = PBXBuildFile; fileRef = C0FCE5B12745E075006548D2 /* SceneDelegate.swift */; };
		C0FCE5B42745E075006548D2 /* DetailViewController.swift in Sources */ = {isa = PBXBuildFile; fileRef = C0FCE5B32745E075006548D2 /* DetailViewController.swift */; };
		C0FCE5B92745E079006548D2 /* Assets.xcassets in Resources */ = {isa = PBXBuildFile; fileRef = C0FCE5B82745E079006548D2 /* Assets.xcassets */; };
		C0FCE5BC2745E079006548D2 /* LaunchScreen.storyboard in Resources */ = {isa = PBXBuildFile; fileRef = C0FCE5BA2745E079006548D2 /* LaunchScreen.storyboard */; };
/* End PBXBuildFile section */

/* Begin PBXFileReference section */
		3AF32685BD2545EBCF934D63 /* Pods_MoviesApp.framework */ = {isa = PBXFileReference; explicitFileType = wrapper.framework; includeInIndex = 0; path = Pods_MoviesApp.framework; sourceTree = BUILT_PRODUCTS_DIR; };
		4873DB3692C9317A66D6685E /* Pods-MoviesApp.release.xcconfig */ = {isa = PBXFileReference; includeInIndex = 1; lastKnownFileType = text.xcconfig; name = "Pods-MoviesApp.release.xcconfig"; path = "Target Support Files/Pods-MoviesApp/Pods-MoviesApp.release.xcconfig"; sourceTree = "<group>"; };
		52A86ECA01C6C408F6510128 /* Pods-MoviesApp.debug.xcconfig */ = {isa = PBXFileReference; includeInIndex = 1; lastKnownFileType = text.xcconfig; name = "Pods-MoviesApp.debug.xcconfig"; path = "Target Support Files/Pods-MoviesApp/Pods-MoviesApp.debug.xcconfig"; sourceTree = "<group>"; };
		C02D26C12745E790008C7BED /* UIColor+Extension.swift */ = {isa = PBXFileReference; lastKnownFileType = sourcecode.swift; path = "UIColor+Extension.swift"; sourceTree = "<group>"; };
		C02D26C42745F12A008C7BED /* MoviesModel.swift */ = {isa = PBXFileReference; lastKnownFileType = sourcecode.swift; path = MoviesModel.swift; sourceTree = "<group>"; };
		C02D26C72745F1B4008C7BED /* ViewCode.swift */ = {isa = PBXFileReference; lastKnownFileType = sourcecode.swift; path = ViewCode.swift; sourceTree = "<group>"; };
		C02D26CA2745F22C008C7BED /* DetailCell.swift */ = {isa = PBXFileReference; lastKnownFileType = sourcecode.swift; path = DetailCell.swift; sourceTree = "<group>"; };
		C02D26CC2745F620008C7BED /* UIImage+Extension.swift */ = {isa = PBXFileReference; lastKnownFileType = sourcecode.swift; path = "UIImage+Extension.swift"; sourceTree = "<group>"; };
		C0FCE5AC2745E075006548D2 /* MoviesApp.app */ = {isa = PBXFileReference; explicitFileType = wrapper.application; includeInIndex = 0; path = MoviesApp.app; sourceTree = BUILT_PRODUCTS_DIR; };
		C0FCE5AF2745E075006548D2 /* AppDelegate.swift */ = {isa = PBXFileReference; lastKnownFileType = sourcecode.swift; path = AppDelegate.swift; sourceTree = "<group>"; };
		C0FCE5B12745E075006548D2 /* SceneDelegate.swift */ = {isa = PBXFileReference; lastKnownFileType = sourcecode.swift; path = SceneDelegate.swift; sourceTree = "<group>"; };
		C0FCE5B32745E075006548D2 /* DetailViewController.swift */ = {isa = PBXFileReference; lastKnownFileType = sourcecode.swift; path = DetailViewController.swift; sourceTree = "<group>"; };
		C0FCE5B82745E079006548D2 /* Assets.xcassets */ = {isa = PBXFileReference; lastKnownFileType = folder.assetcatalog; path = Assets.xcassets; sourceTree = "<group>"; };
		C0FCE5BB2745E079006548D2 /* Base */ = {isa = PBXFileReference; lastKnownFileType = file.storyboard; name = Base; path = Base.lproj/LaunchScreen.storyboard; sourceTree = "<group>"; };
		C0FCE5BD2745E079006548D2 /* Info.plist */ = {isa = PBXFileReference; lastKnownFileType = text.plist.xml; path = Info.plist; sourceTree = "<group>"; };
/* End PBXFileReference section */

/* Begin PBXFrameworksBuildPhase section */
		C0FCE5A92745E075006548D2 /* Frameworks */ = {
			isa = PBXFrameworksBuildPhase;
			buildActionMask = 2147483647;
			files = (
				379747DC8B299E285B176278 /* Pods_MoviesApp.framework in Frameworks */,
			);
			runOnlyForDeploymentPostprocessing = 0;
		};
/* End PBXFrameworksBuildPhase section */

/* Begin PBXGroup section */
		AF949EB7FD58C0E43AC7A3E9 /* Frameworks */ = {
			isa = PBXGroup;
			children = (
				3AF32685BD2545EBCF934D63 /* Pods_MoviesApp.framework */,
			);
			name = Frameworks;
			sourceTree = "<group>";
		};
		C02D26BA2745E56A008C7BED /* Application */ = {
			isa = PBXGroup;
			children = (
				C0FCE5AF2745E075006548D2 /* AppDelegate.swift */,
				C0FCE5B12745E075006548D2 /* SceneDelegate.swift */,
			);
			path = Application;
			sourceTree = "<group>";
		};
		C02D26BB2745E5F4008C7BED /* Resources */ = {
			isa = PBXGroup;
			children = (
			);
			path = Resources;
			sourceTree = "<group>";
		};
		C02D26BC2745E611008C7BED /* Sources */ = {
			isa = PBXGroup;
			children = (
				C02D26BF2745E733008C7BED /* Commons */,
				C02D26BD2745E63F008C7BED /* Features */,
			);
			path = Sources;
			sourceTree = "<group>";
		};
		C02D26BD2745E63F008C7BED /* Features */ = {
			isa = PBXGroup;
			children = (
				C02D26BE2745E654008C7BED /* ListMovies */,
				C0FCE5B32745E075006548D2 /* DetailViewController.swift */,
			);
			path = Features;
			sourceTree = "<group>";
		};
		C02D26BE2745E654008C7BED /* ListMovies */ = {
			isa = PBXGroup;
			children = (
				C02D26C92745F213008C7BED /* Cells */,
			);
			path = ListMovies;
			sourceTree = "<group>";
		};
		C02D26BF2745E733008C7BED /* Commons */ = {
			isa = PBXGroup;
			children = (
				C02D26C62745F19A008C7BED /* Components */,
				C02D26C32745F100008C7BED /* Model */,
				C02D26C02745E778008C7BED /* Extensions */,
			);
			path = Commons;
			sourceTree = "<group>";
		};
		C02D26C02745E778008C7BED /* Extensions */ = {
			isa = PBXGroup;
			children = (
				C02D26C12745E790008C7BED /* UIColor+Extension.swift */,
				C02D26CC2745F620008C7BED /* UIImage+Extension.swift */,
			);
			path = Extensions;
			sourceTree = "<group>";
		};
		C02D26C32745F100008C7BED /* Model */ = {
			isa = PBXGroup;
			children = (
				C02D26C42745F12A008C7BED /* MoviesModel.swift */,
			);
			path = Model;
			sourceTree = "<group>";
		};
		C02D26C62745F19A008C7BED /* Components */ = {
			isa = PBXGroup;
			children = (
				C02D26C72745F1B4008C7BED /* ViewCode.swift */,
			);
			path = Components;
			sourceTree = "<group>";
		};
		C02D26C92745F213008C7BED /* Cells */ = {
			isa = PBXGroup;
			children = (
				C02D26CA2745F22C008C7BED /* DetailCell.swift */,
			);
			path = Cells;
			sourceTree = "<group>";
		};
		C0FCE5A32745E075006548D2 = {
			isa = PBXGroup;
			children = (
				C0FCE5AE2745E075006548D2 /* MoviesApp */,
				C0FCE5AD2745E075006548D2 /* Products */,
				FC4FA2538990513D4E80C0A7 /* Pods */,
				AF949EB7FD58C0E43AC7A3E9 /* Frameworks */,
			);
			sourceTree = "<group>";
		};
		C0FCE5AD2745E075006548D2 /* Products */ = {
			isa = PBXGroup;
			children = (
				C0FCE5AC2745E075006548D2 /* MoviesApp.app */,
			);
			name = Products;
			sourceTree = "<group>";
		};
		C0FCE5AE2745E075006548D2 /* MoviesApp */ = {
			isa = PBXGroup;
			children = (
				C02D26BA2745E56A008C7BED /* Application */,
				C02D26BB2745E5F4008C7BED /* Resources */,
				C0FCE5B82745E079006548D2 /* Assets.xcassets */,
				C0FCE5BA2745E079006548D2 /* LaunchScreen.storyboard */,
				C02D26BC2745E611008C7BED /* Sources */,
				C0FCE5BD2745E079006548D2 /* Info.plist */,
			);
			path = MoviesApp;
			sourceTree = "<group>";
		};
		FC4FA2538990513D4E80C0A7 /* Pods */ = {
			isa = PBXGroup;
			children = (
				52A86ECA01C6C408F6510128 /* Pods-MoviesApp.debug.xcconfig */,
				4873DB3692C9317A66D6685E /* Pods-MoviesApp.release.xcconfig */,
			);
			name = Pods;
			path = Pods;
			sourceTree = "<group>";
		};
/* End PBXGroup section */

/* Begin PBXNativeTarget section */
		C0FCE5AB2745E075006548D2 /* MoviesApp */ = {
			isa = PBXNativeTarget;
			buildConfigurationList = C0FCE5C02745E079006548D2 /* Build configuration list for PBXNativeTarget "MoviesApp" */;
			buildPhases = (
				C6CB2E1480E016DF8073DB64 /* [CP] Check Pods Manifest.lock */,
				C0FCE5A82745E075006548D2 /* Sources */,
				C0FCE5A92745E075006548D2 /* Frameworks */,
				C0FCE5AA2745E075006548D2 /* Resources */,
				9B2A29DDD100FEFA4EDB1506 /* [CP] Embed Pods Frameworks */,
			);
			buildRules = (
			);
			dependencies = (
			);
			name = MoviesApp;
			productName = MoviesApp;
			productReference = C0FCE5AC2745E075006548D2 /* MoviesApp.app */;
			productType = "com.apple.product-type.application";
		};
/* End PBXNativeTarget section */

/* Begin PBXProject section */
		C0FCE5A42745E075006548D2 /* Project object */ = {
			isa = PBXProject;
			attributes = {
				BuildIndependentTargetsInParallel = 1;
				LastSwiftUpdateCheck = 1310;
				LastUpgradeCheck = 1310;
				TargetAttributes = {
					C0FCE5AB2745E075006548D2 = {
						CreatedOnToolsVersion = 13.1;
					};
				};
			};
			buildConfigurationList = C0FCE5A72745E075006548D2 /* Build configuration list for PBXProject "MoviesApp" */;
			compatibilityVersion = "Xcode 13.0";
			developmentRegion = en;
			hasScannedForEncodings = 0;
			knownRegions = (
				en,
				Base,
			);
			mainGroup = C0FCE5A32745E075006548D2;
			productRefGroup = C0FCE5AD2745E075006548D2 /* Products */;
			projectDirPath = "";
			projectRoot = "";
			targets = (
				C0FCE5AB2745E075006548D2 /* MoviesApp */,
			);
		};
/* End PBXProject section */

/* Begin PBXResourcesBuildPhase section */
		C0FCE5AA2745E075006548D2 /* Resources */ = {
			isa = PBXResourcesBuildPhase;
			buildActionMask = 2147483647;
			files = (
				C0FCE5BC2745E079006548D2 /* LaunchScreen.storyboard in Resources */,
				C0FCE5B92745E079006548D2 /* Assets.xcassets in Resources */,
			);
			runOnlyForDeploymentPostprocessing = 0;
		};
/* End PBXResourcesBuildPhase section */

/* Begin PBXShellScriptBuildPhase section */
		9B2A29DDD100FEFA4EDB1506 /* [CP] Embed Pods Frameworks */ = {
			isa = PBXShellScriptBuildPhase;
			buildActionMask = 2147483647;
			files = (
			);
			inputFileListPaths = (
				"${PODS_ROOT}/Target Support Files/Pods-MoviesApp/Pods-MoviesApp-frameworks-${CONFIGURATION}-input-files.xcfilelist",
			);
			name = "[CP] Embed Pods Frameworks";
			outputFileListPaths = (
				"${PODS_ROOT}/Target Support Files/Pods-MoviesApp/Pods-MoviesApp-frameworks-${CONFIGURATION}-output-files.xcfilelist",
			);
			runOnlyForDeploymentPostprocessing = 0;
			shellPath = /bin/sh;
			shellScript = "\"${PODS_ROOT}/Target Support Files/Pods-MoviesApp/Pods-MoviesApp-frameworks.sh\"\n";
			showEnvVarsInLog = 0;
		};
		C6CB2E1480E016DF8073DB64 /* [CP] Check Pods Manifest.lock */ = {
			isa = PBXShellScriptBuildPhase;
			buildActionMask = 2147483647;
			files = (
			);
			inputFileListPaths = (
			);
			inputPaths = (
				"${PODS_PODFILE_DIR_PATH}/Podfile.lock",
				"${PODS_ROOT}/Manifest.lock",
			);
			name = "[CP] Check Pods Manifest.lock";
			outputFileListPaths = (
			);
			outputPaths = (
				"$(DERIVED_FILE_DIR)/Pods-MoviesApp-checkManifestLockResult.txt",
			);
			runOnlyForDeploymentPostprocessing = 0;
			shellPath = /bin/sh;
			shellScript = "diff \"${PODS_PODFILE_DIR_PATH}/Podfile.lock\" \"${PODS_ROOT}/Manifest.lock\" > /dev/null\nif [ $? != 0 ] ; then\n    # print error to STDERR\n    echo \"error: The sandbox is not in sync with the Podfile.lock. Run 'pod install' or update your CocoaPods installation.\" >&2\n    exit 1\nfi\n# This output is used by Xcode 'outputs' to avoid re-running this script phase.\necho \"SUCCESS\" > \"${SCRIPT_OUTPUT_FILE_0}\"\n";
			showEnvVarsInLog = 0;
		};
/* End PBXShellScriptBuildPhase section */

/* Begin PBXSourcesBuildPhase section */
		C0FCE5A82745E075006548D2 /* Sources */ = {
			isa = PBXSourcesBuildPhase;
			buildActionMask = 2147483647;
			files = (
				C02D26C52745F12A008C7BED /* MoviesModel.swift in Sources */,
				C0FCE5B42745E075006548D2 /* DetailViewController.swift in Sources */,
				C0FCE5B02745E075006548D2 /* AppDelegate.swift in Sources */,
				C02D26CD2745F620008C7BED /* UIImage+Extension.swift in Sources */,
				C0FCE5B22745E075006548D2 /* SceneDelegate.swift in Sources */,
				C02D26C22745E790008C7BED /* UIColor+Extension.swift in Sources */,
				C02D26CB2745F22C008C7BED /* DetailCell.swift in Sources */,
				C02D26C82745F1B4008C7BED /* ViewCode.swift in Sources */,
			);
			runOnlyForDeploymentPostprocessing = 0;
		};
/* End PBXSourcesBuildPhase section */

/* Begin PBXVariantGroup section */
		C0FCE5BA2745E079006548D2 /* LaunchScreen.storyboard */ = {
			isa = PBXVariantGroup;
			children = (
				C0FCE5BB2745E079006548D2 /* Base */,
			);
			name = LaunchScreen.storyboard;
			sourceTree = "<group>";
		};
/* End PBXVariantGroup section */

/* Begin XCBuildConfiguration section */
		C0FCE5BE2745E079006548D2 /* Debug */ = {
			isa = XCBuildConfiguration;
			buildSettings = {
				ALWAYS_SEARCH_USER_PATHS = NO;
				CLANG_ANALYZER_NONNULL = YES;
				CLANG_ANALYZER_NUMBER_OBJECT_CONVERSION = YES_AGGRESSIVE;
				CLANG_CXX_LANGUAGE_STANDARD = "gnu++17";
				CLANG_CXX_LIBRARY = "libc++";
				CLANG_ENABLE_MODULES = YES;
				CLANG_ENABLE_OBJC_ARC = YES;
				CLANG_ENABLE_OBJC_WEAK = YES;
				CLANG_WARN_BLOCK_CAPTURE_AUTORELEASING = YES;
				CLANG_WARN_BOOL_CONVERSION = YES;
				CLANG_WARN_COMMA = YES;
				CLANG_WARN_CONSTANT_CONVERSION = YES;
				CLANG_WARN_DEPRECATED_OBJC_IMPLEMENTATIONS = YES;
				CLANG_WARN_DIRECT_OBJC_ISA_USAGE = YES_ERROR;
				CLANG_WARN_DOCUMENTATION_COMMENTS = YES;
				CLANG_WARN_EMPTY_BODY = YES;
				CLANG_WARN_ENUM_CONVERSION = YES;
				CLANG_WARN_INFINITE_RECURSION = YES;
				CLANG_WARN_INT_CONVERSION = YES;
				CLANG_WARN_NON_LITERAL_NULL_CONVERSION = YES;
				CLANG_WARN_OBJC_IMPLICIT_RETAIN_SELF = YES;
				CLANG_WARN_OBJC_LITERAL_CONVERSION = YES;
				CLANG_WARN_OBJC_ROOT_CLASS = YES_ERROR;
				CLANG_WARN_QUOTED_INCLUDE_IN_FRAMEWORK_HEADER = YES;
				CLANG_WARN_RANGE_LOOP_ANALYSIS = YES;
				CLANG_WARN_STRICT_PROTOTYPES = YES;
				CLANG_WARN_SUSPICIOUS_MOVE = YES;
				CLANG_WARN_UNGUARDED_AVAILABILITY = YES_AGGRESSIVE;
				CLANG_WARN_UNREACHABLE_CODE = YES;
				CLANG_WARN__DUPLICATE_METHOD_MATCH = YES;
				COPY_PHASE_STRIP = NO;
				DEBUG_INFORMATION_FORMAT = dwarf;
				ENABLE_STRICT_OBJC_MSGSEND = YES;
				ENABLE_TESTABILITY = YES;
				GCC_C_LANGUAGE_STANDARD = gnu11;
				GCC_DYNAMIC_NO_PIC = NO;
				GCC_NO_COMMON_BLOCKS = YES;
				GCC_OPTIMIZATION_LEVEL = 0;
				GCC_PREPROCESSOR_DEFINITIONS = (
					"DEBUG=1",
					"$(inherited)",
				);
				GCC_WARN_64_TO_32_BIT_CONVERSION = YES;
				GCC_WARN_ABOUT_RETURN_TYPE = YES_ERROR;
				GCC_WARN_UNDECLARED_SELECTOR = YES;
				GCC_WARN_UNINITIALIZED_AUTOS = YES_AGGRESSIVE;
				GCC_WARN_UNUSED_FUNCTION = YES;
				GCC_WARN_UNUSED_VARIABLE = YES;
				IPHONEOS_DEPLOYMENT_TARGET = 15.0;
				MTL_ENABLE_DEBUG_INFO = INCLUDE_SOURCE;
				MTL_FAST_MATH = YES;
				ONLY_ACTIVE_ARCH = YES;
				SDKROOT = iphoneos;
				SWIFT_ACTIVE_COMPILATION_CONDITIONS = DEBUG;
				SWIFT_OPTIMIZATION_LEVEL = "-Onone";
			};
			name = Debug;
		};
		C0FCE5BF2745E079006548D2 /* Release */ = {
			isa = XCBuildConfiguration;
			buildSettings = {
				ALWAYS_SEARCH_USER_PATHS = NO;
				CLANG_ANALYZER_NONNULL = YES;
				CLANG_ANALYZER_NUMBER_OBJECT_CONVERSION = YES_AGGRESSIVE;
				CLANG_CXX_LANGUAGE_STANDARD = "gnu++17";
				CLANG_CXX_LIBRARY = "libc++";
				CLANG_ENABLE_MODULES = YES;
				CLANG_ENABLE_OBJC_ARC = YES;
				CLANG_ENABLE_OBJC_WEAK = YES;
				CLANG_WARN_BLOCK_CAPTURE_AUTORELEASING = YES;
				CLANG_WARN_BOOL_CONVERSION = YES;
				CLANG_WARN_COMMA = YES;
				CLANG_WARN_CONSTANT_CONVERSION = YES;
				CLANG_WARN_DEPRECATED_OBJC_IMPLEMENTATIONS = YES;
				CLANG_WARN_DIRECT_OBJC_ISA_USAGE = YES_ERROR;
				CLANG_WARN_DOCUMENTATION_COMMENTS = YES;
				CLANG_WARN_EMPTY_BODY = YES;
				CLANG_WARN_ENUM_CONVERSION = YES;
				CLANG_WARN_INFINITE_RECURSION = YES;
				CLANG_WARN_INT_CONVERSION = YES;
				CLANG_WARN_NON_LITERAL_NULL_CONVERSION = YES;
				CLANG_WARN_OBJC_IMPLICIT_RETAIN_SELF = YES;
				CLANG_WARN_OBJC_LITERAL_CONVERSION = YES;
				CLANG_WARN_OBJC_ROOT_CLASS = YES_ERROR;
				CLANG_WARN_QUOTED_INCLUDE_IN_FRAMEWORK_HEADER = YES;
				CLANG_WARN_RANGE_LOOP_ANALYSIS = YES;
				CLANG_WARN_STRICT_PROTOTYPES = YES;
				CLANG_WARN_SUSPICIOUS_MOVE = YES;
				CLANG_WARN_UNGUARDED_AVAILABILITY = YES_AGGRESSIVE;
				CLANG_WARN_UNREACHABLE_CODE = YES;
				CLANG_WARN__DUPLICATE_METHOD_MATCH = YES;
				COPY_PHASE_STRIP = NO;
				DEBUG_INFORMATION_FORMAT = "dwarf-with-dsym";
				ENABLE_NS_ASSERTIONS = NO;
				ENABLE_STRICT_OBJC_MSGSEND = YES;
				GCC_C_LANGUAGE_STANDARD = gnu11;
				GCC_NO_COMMON_BLOCKS = YES;
				GCC_WARN_64_TO_32_BIT_CONVERSION = YES;
				GCC_WARN_ABOUT_RETURN_TYPE = YES_ERROR;
				GCC_WARN_UNDECLARED_SELECTOR = YES;
				GCC_WARN_UNINITIALIZED_AUTOS = YES_AGGRESSIVE;
				GCC_WARN_UNUSED_FUNCTION = YES;
				GCC_WARN_UNUSED_VARIABLE = YES;
				IPHONEOS_DEPLOYMENT_TARGET = 15.0;
				MTL_ENABLE_DEBUG_INFO = NO;
				MTL_FAST_MATH = YES;
				SDKROOT = iphoneos;
				SWIFT_COMPILATION_MODE = wholemodule;
				SWIFT_OPTIMIZATION_LEVEL = "-O";
				VALIDATE_PRODUCT = YES;
			};
			name = Release;
		};
		C0FCE5C12745E079006548D2 /* Debug */ = {
			isa = XCBuildConfiguration;
			baseConfigurationReference = 52A86ECA01C6C408F6510128 /* Pods-MoviesApp.debug.xcconfig */;
			buildSettings = {
				ASSETCATALOG_COMPILER_APPICON_NAME = AppIcon;
				ASSETCATALOG_COMPILER_GLOBAL_ACCENT_COLOR_NAME = AccentColor;
				CODE_SIGN_STYLE = Automatic;
				CURRENT_PROJECT_VERSION = 1;
				DEVELOPMENT_TEAM = BM4YFXN4AH;
				GENERATE_INFOPLIST_FILE = YES;
				INFOPLIST_FILE = MoviesApp/Info.plist;
				INFOPLIST_KEY_UIApplicationSupportsIndirectInputEvents = YES;
				INFOPLIST_KEY_UILaunchStoryboardName = LaunchScreen;
				INFOPLIST_KEY_UISupportedInterfaceOrientations = UIInterfaceOrientationPortrait;
				INFOPLIST_KEY_UISupportedInterfaceOrientations_iPad = "UIInterfaceOrientationPortrait UIInterfaceOrientationPortraitUpsideDown UIInterfaceOrientationLandscapeLeft UIInterfaceOrientationLandscapeRight";
				INFOPLIST_KEY_UISupportedInterfaceOrientations_iPhone = "UIInterfaceOrientationPortrait UIInterfaceOrientationLandscapeLeft UIInterfaceOrientationLandscapeRight";
				LD_RUNPATH_SEARCH_PATHS = (
					"$(inherited)",
					"@executable_path/Frameworks",
				);
				MARKETING_VERSION = 1.0;
				PRODUCT_BUNDLE_IDENTIFIER = "gabriel-nicol.MoviesApp";
				PRODUCT_NAME = "$(TARGET_NAME)";
				SWIFT_EMIT_LOC_STRINGS = YES;
				SWIFT_VERSION = 5.0;
				TARGETED_DEVICE_FAMILY = "1,2";
			};
			name = Debug;
		};
		C0FCE5C22745E079006548D2 /* Release */ = {
			isa = XCBuildConfiguration;
			baseConfigurationReference = 4873DB3692C9317A66D6685E /* Pods-MoviesApp.release.xcconfig */;
			buildSettings = {
				ASSETCATALOG_COMPILER_APPICON_NAME = AppIcon;
				ASSETCATALOG_COMPILER_GLOBAL_ACCENT_COLOR_NAME = AccentColor;
				CODE_SIGN_STYLE = Automatic;
				CURRENT_PROJECT_VERSION = 1;
				DEVELOPMENT_TEAM = BM4YFXN4AH;
				GENERATE_INFOPLIST_FILE = YES;
				INFOPLIST_FILE = MoviesApp/Info.plist;
				INFOPLIST_KEY_UIApplicationSupportsIndirectInputEvents = YES;
				INFOPLIST_KEY_UILaunchStoryboardName = LaunchScreen;
				INFOPLIST_KEY_UISupportedInterfaceOrientations = UIInterfaceOrientationPortrait;
				INFOPLIST_KEY_UISupportedInterfaceOrientations_iPad = "UIInterfaceOrientationPortrait UIInterfaceOrientationPortraitUpsideDown UIInterfaceOrientationLandscapeLeft UIInterfaceOrientationLandscapeRight";
				INFOPLIST_KEY_UISupportedInterfaceOrientations_iPhone = "UIInterfaceOrientationPortrait UIInterfaceOrientationLandscapeLeft UIInterfaceOrientationLandscapeRight";
				LD_RUNPATH_SEARCH_PATHS = (
					"$(inherited)",
					"@executable_path/Frameworks",
				);
				MARKETING_VERSION = 1.0;
				PRODUCT_BUNDLE_IDENTIFIER = "gabriel-nicol.MoviesApp";
				PRODUCT_NAME = "$(TARGET_NAME)";
				SWIFT_EMIT_LOC_STRINGS = YES;
				SWIFT_VERSION = 5.0;
				TARGETED_DEVICE_FAMILY = "1,2";
			};
			name = Release;
		};
/* End XCBuildConfiguration section */

/* Begin XCConfigurationList section */
		C0FCE5A72745E075006548D2 /* Build configuration list for PBXProject "MoviesApp" */ = {
			isa = XCConfigurationList;
			buildConfigurations = (
				C0FCE5BE2745E079006548D2 /* Debug */,
				C0FCE5BF2745E079006548D2 /* Release */,
			);
			defaultConfigurationIsVisible = 0;
			defaultConfigurationName = Release;
		};
		C0FCE5C02745E079006548D2 /* Build configuration list for PBXNativeTarget "MoviesApp" */ = {
			isa = XCConfigurationList;
			buildConfigurations = (
				C0FCE5C12745E079006548D2 /* Debug */,
				C0FCE5C22745E079006548D2 /* Release */,
			);
			defaultConfigurationIsVisible = 0;
			defaultConfigurationName = Release;
		};
/* End XCConfigurationList section */
	};
	rootObject = C0FCE5A42745E075006548D2 /* Project object */;
}
